PODS:
  - DZVideoPlayerViewController (0.2.0)
  - Expecta (1.0.0)
  - Specta (1.0.1)

DEPENDENCIES:
  - DZVideoPlayerViewController (from `../`)
  - Expecta
  - Specta

EXTERNAL SOURCES:
  DZVideoPlayerViewController:
    :path: "../"

SPEC CHECKSUMS:
  DZVideoPlayerViewController: b70535850e709ceb1766ec0268920939b65bc207
  Expecta: 32604574add2c46a36f8d2f716b6c5736eb75024
  Specta: 097be314a75de103703a3bf9a529dc1a398509d7

COCOAPODS: 0.37.2
