PODS:
  - DZVideoPlayerViewController (0.3.0)
  - Expecta (1.0.0)
  - Specta (1.0.2)

DEPENDENCIES:
  - DZVideoPlayerViewController (from `../`)
  - Expecta
  - Specta

EXTERNAL SOURCES:
  DZVideoPlayerViewController:
    :path: "../"

SPEC CHECKSUMS:
  DZVideoPlayerViewController: 67118b156fdae14c1af18835cc6fd0956859d072
  Expecta: 32604574add2c46a36f8d2f716b6c5736eb75024
  Specta: 9cec98310dca411f7c7ffd6943552b501622abfe

COCOAPODS: 0.37.2
